
Microsoft Visual Studio Solution File, Format Version 12.00
# Visual Studio Version 16
VisualStudioVersion = 16.0.29613.14
MinimumVisualStudioVersion = 10.0.40219.1
Project("{FAE04EC0-301F-11D3-BF4B-00C04F79EFBC}") = "AnimationLottie.Android", "AnimationLottie\AnimationLottie.Android\AnimationLottie.Android.csproj", "{1F533244-664C-408B-A916-E780585D1A88}"
EndProject
Project("{FAE04EC0-301F-11D3-BF4B-00C04F79EFBC}") = "AnimationLottie.iOS", "AnimationLottie\AnimationLottie.iOS\AnimationLottie.iOS.csproj", "{15F6C3D7-623C-4CD7-A221-C3B81AB7DD9F}"
EndProject
Project("{FAE04EC0-301F-11D3-BF4B-00C04F79EFBC}") = "AnimationLottie", "AnimationLottie\AnimationLottie\AnimationLottie.csproj", "{77062BDC-4805-434D-BF5E-0F62B5623FE0}"
EndProject
Global
	GlobalSection(SolutionConfigurationPlatforms) = preSolution
		Debug|Any CPU = Debug|Any CPU
		Debug|iPhone = Debug|iPhone
		Debug|iPhoneSimulator = Debug|iPhoneSimulator
		Release|Any CPU = Release|Any CPU
		Release|iPhone = Release|iPhone
		Release|iPhoneSimulator = Release|iPhoneSimulator
	EndGlobalSection
	GlobalSection(ProjectConfigurationPlatforms) = postSolution
		{1F533244-664C-408B-A916-E780585D1A88}.Debug|Any CPU.ActiveCfg = Debug|Any CPU
		{1F533244-664C-408B-A916-E780585D1A88}.Debug|Any CPU.Build.0 = Debug|Any CPU
		{1F533244-664C-408B-A916-E780585D1A88}.Debug|Any CPU.Deploy.0 = Debug|Any CPU
		{1F533244-664C-408B-A916-E780585D1A88}.Debug|iPhone.ActiveCfg = Debug|Any CPU
		{1F533244-664C-408B-A916-E780585D1A88}.Debug|iPhone.Build.0 = Debug|Any CPU
		{1F533244-664C-408B-A916-E780585D1A88}.Debug|iPhone.Deploy.0 = Debug|Any CPU
		{1F533244-664C-408B-A916-E780585D1A88}.Debug|iPhoneSimulator.ActiveCfg = Debug|Any CPU
		{1F533244-664C-408B-A916-E780585D1A88}.Debug|iPhoneSimulator.Build.0 = Debug|Any CPU
		{1F533244-664C-408B-A916-E780585D1A88}.Debug|iPhoneSimulator.Deploy.0 = Debug|Any CPU
		{1F533244-664C-408B-A916-E780585D1A88}.Release|Any CPU.ActiveCfg = Release|Any CPU
		{1F533244-664C-408B-A916-E780585D1A88}.Release|Any CPU.Build.0 = Release|Any CPU
		{1F533244-664C-408B-A916-E780585D1A88}.Release|Any CPU.Deploy.0 = Release|Any CPU
		{1F533244-664C-408B-A916-E780585D1A88}.Release|iPhone.ActiveCfg = Release|Any CPU
		{1F533244-664C-408B-A916-E780585D1A88}.Release|iPhone.Build.0 = Release|Any CPU
		{1F533244-664C-408B-A916-E780585D1A88}.Release|iPhone.Deploy.0 = Release|Any CPU
		{1F533244-664C-408B-A916-E780585D1A88}.Release|iPhoneSimulator.ActiveCfg = Release|Any CPU
		{1F533244-664C-408B-A916-E780585D1A88}.Release|iPhoneSimulator.Build.0 = Release|Any CPU
		{1F533244-664C-408B-A916-E780585D1A88}.Release|iPhoneSimulator.Deploy.0 = Release|Any CPU
		{15F6C3D7-623C-4CD7-A221-C3B81AB7DD9F}.Debug|Any CPU.ActiveCfg = Debug|iPhoneSimulator
		{15F6C3D7-623C-4CD7-A221-C3B81AB7DD9F}.Debug|Any CPU.Build.0 = Debug|iPhoneSimulator
		{15F6C3D7-623C-4CD7-A221-C3B81AB7DD9F}.Debug|Any CPU.Deploy.0 = Debug|iPhoneSimulator
		{15F6C3D7-623C-4CD7-A221-C3B81AB7DD9F}.Debug|iPhone.ActiveCfg = Debug|iPhone
		{15F6C3D7-623C-4CD7-A221-C3B81AB7DD9F}.Debug|iPhone.Build.0 = Debug|iPhone
		{15F6C3D7-623C-4CD7-A221-C3B81AB7DD9F}.Debug|iPhone.Deploy.0 = Debug|iPhone
		{15F6C3D7-623C-4CD7-A221-C3B81AB7DD9F}.Debug|iPhoneSimulator.ActiveCfg = Debug|iPhoneSimulator
		{15F6C3D7-623C-4CD7-A221-C3B81AB7DD9F}.Debug|iPhoneSimulator.Build.0 = Debug|iPhoneSimulator
		{15F6C3D7-623C-4CD7-A221-C3B81AB7DD9F}.Debug|iPhoneSimulator.Deploy.0 = Debug|iPhoneSimulator
		{15F6C3D7-623C-4CD7-A221-C3B81AB7DD9F}.Release|Any CPU.ActiveCfg = Release|iPhone
		{15F6C3D7-623C-4CD7-A221-C3B81AB7DD9F}.Release|Any CPU.Build.0 = Release|iPhone
		{15F6C3D7-623C-4CD7-A221-C3B81AB7DD9F}.Release|Any CPU.Deploy.0 = Release|iPhone
		{15F6C3D7-623C-4CD7-A221-C3B81AB7DD9F}.Release|iPhone.ActiveCfg = Release|iPhone
		{15F6C3D7-623C-4CD7-A221-C3B81AB7DD9F}.Release|iPhone.Build.0 = Release|iPhone
		{15F6C3D7-623C-4CD7-A221-C3B81AB7DD9F}.Release|iPhone.Deploy.0 = Release|iPhone
		{15F6C3D7-623C-4CD7-A221-C3B81AB7DD9F}.Release|iPhoneSimulator.ActiveCfg = Release|iPhoneSimulator
		{15F6C3D7-623C-4CD7-A221-C3B81AB7DD9F}.Release|iPhoneSimulator.Build.0 = Release|iPhoneSimulator
		{15F6C3D7-623C-4CD7-A221-C3B81AB7DD9F}.Release|iPhoneSimulator.Deploy.0 = Release|iPhoneSimulator
		{77062BDC-4805-434D-BF5E-0F62B5623FE0}.Debug|Any CPU.ActiveCfg = Debug|Any CPU
		{77062BDC-4805-434D-BF5E-0F62B5623FE0}.Debug|Any CPU.Build.0 = Debug|Any CPU
		{77062BDC-4805-434D-BF5E-0F62B5623FE0}.Debug|Any CPU.Deploy.0 = Debug|Any CPU
		{77062BDC-4805-434D-BF5E-0F62B5623FE0}.Debug|iPhone.ActiveCfg = Debug|Any CPU
		{77062BDC-4805-434D-BF5E-0F62B5623FE0}.Debug|iPhone.Build.0 = Debug|Any CPU
		{77062BDC-4805-434D-BF5E-0F62B5623FE0}.Debug|iPhone.Deploy.0 = Debug|Any CPU
		{77062BDC-4805-434D-BF5E-0F62B5623FE0}.Debug|iPhoneSimulator.ActiveCfg = Debug|Any CPU
		{77062BDC-4805-434D-BF5E-0F62B5623FE0}.Debug|iPhoneSimulator.Build.0 = Debug|Any CPU
		{77062BDC-4805-434D-BF5E-0F62B5623FE0}.Debug|iPhoneSimulator.Deploy.0 = Debug|Any CPU
		{77062BDC-4805-434D-BF5E-0F62B5623FE0}.Release|Any CPU.ActiveCfg = Release|Any CPU
		{77062BDC-4805-434D-BF5E-0F62B5623FE0}.Release|Any CPU.Build.0 = Release|Any CPU
		{77062BDC-4805-434D-BF5E-0F62B5623FE0}.Release|Any CPU.Deploy.0 = Release|Any CPU
		{77062BDC-4805-434D-BF5E-0F62B5623FE0}.Release|iPhone.ActiveCfg = Release|Any CPU
		{77062BDC-4805-434D-BF5E-0F62B5623FE0}.Release|iPhone.Build.0 = Release|Any CPU
		{77062BDC-4805-434D-BF5E-0F62B5623FE0}.Release|iPhone.Deploy.0 = Release|Any CPU
		{77062BDC-4805-434D-BF5E-0F62B5623FE0}.Release|iPhoneSimulator.ActiveCfg = Release|Any CPU
		{77062BDC-4805-434D-BF5E-0F62B5623FE0}.Release|iPhoneSimulator.Build.0 = Release|Any CPU
		{77062BDC-4805-434D-BF5E-0F62B5623FE0}.Release|iPhoneSimulator.Deploy.0 = Release|Any CPU
	EndGlobalSection
	GlobalSection(SolutionProperties) = preSolution
		HideSolutionNode = FALSE
	EndGlobalSection
	GlobalSection(ExtensibilityGlobals) = postSolution
		SolutionGuid = {A245412D-4A6C-4EC3-80F6-AEDA6C8A9F20}
	EndGlobalSection
EndGlobal
